// !$*UTF8*$!
{
	archiveVersion = 1;
	classes = {
	};
	objectVersion = 55;
	objects = {

/* Begin PBXBuildFile section */
		FF15318C2854F32C006F29CA /* AppDelegate.swift in Sources */ = {isa = PBXBuildFile; fileRef = FF15318B2854F32C006F29CA /* AppDelegate.swift */; };
		FF15318E2854F32C006F29CA /* SceneDelegate.swift in Sources */ = {isa = PBXBuildFile; fileRef = FF15318D2854F32C006F29CA /* SceneDelegate.swift */; };
		FF1531902854F32C006F29CA /* ViewController.swift in Sources */ = {isa = PBXBuildFile; fileRef = FF15318F2854F32C006F29CA /* ViewController.swift */; };
		FF1531932854F32C006F29CA /* Main.storyboard in Resources */ = {isa = PBXBuildFile; fileRef = FF1531912854F32C006F29CA /* Main.storyboard */; };
		FF1531952854F32F006F29CA /* Assets.xcassets in Resources */ = {isa = PBXBuildFile; fileRef = FF1531942854F32F006F29CA /* Assets.xcassets */; };
		FF1531982854F32F006F29CA /* LaunchScreen.storyboard in Resources */ = {isa = PBXBuildFile; fileRef = FF1531962854F32F006F29CA /* LaunchScreen.storyboard */; };
		FF1531AA2854F4D1006F29CA /* nssl0049.jpg in Resources */ = {isa = PBXBuildFile; fileRef = FF1531A02854F4D1006F29CA /* nssl0049.jpg */; };
		FF1531AB2854F4D1006F29CA /* nssl0046.jpg in Resources */ = {isa = PBXBuildFile; fileRef = FF1531A12854F4D1006F29CA /* nssl0046.jpg */; };
		FF1531AC2854F4D1006F29CA /* nssl0091.jpg in Resources */ = {isa = PBXBuildFile; fileRef = FF1531A22854F4D1006F29CA /* nssl0091.jpg */; };
		FF1531AD2854F4D1006F29CA /* nssl0045.jpg in Resources */ = {isa = PBXBuildFile; fileRef = FF1531A32854F4D1006F29CA /* nssl0045.jpg */; };
		FF1531AE2854F4D1006F29CA /* nssl0051.jpg in Resources */ = {isa = PBXBuildFile; fileRef = FF1531A42854F4D1006F29CA /* nssl0051.jpg */; };
		FF1531AF2854F4D1006F29CA /* nssl0041.jpg in Resources */ = {isa = PBXBuildFile; fileRef = FF1531A52854F4D1006F29CA /* nssl0041.jpg */; };
		FF1531B02854F4D1006F29CA /* nssl0042.jpg in Resources */ = {isa = PBXBuildFile; fileRef = FF1531A62854F4D1006F29CA /* nssl0042.jpg */; };
		FF1531B12854F4D1006F29CA /* nssl0043.jpg in Resources */ = {isa = PBXBuildFile; fileRef = FF1531A72854F4D1006F29CA /* nssl0043.jpg */; };
		FF1531B22854F4D1006F29CA /* nssl0033.jpg in Resources */ = {isa = PBXBuildFile; fileRef = FF1531A82854F4D1006F29CA /* nssl0033.jpg */; };
		FF1531B32854F4D1006F29CA /* nssl0034.jpg in Resources */ = {isa = PBXBuildFile; fileRef = FF1531A92854F4D1006F29CA /* nssl0034.jpg */; };
		FF643FBA28560DEA0045DB73 /* DetailViewController.swift in Sources */ = {isa = PBXBuildFile; fileRef = FF643FB928560DEA0045DB73 /* DetailViewController.swift */; };
/* End PBXBuildFile section */

/* Begin PBXFileReference section */
		FF1531882854F32C006F29CA /* Project1.app */ = {isa = PBXFileReference; explicitFileType = wrapper.application; includeInIndex = 0; path = Project1.app; sourceTree = BUILT_PRODUCTS_DIR; };
		FF15318B2854F32C006F29CA /* AppDelegate.swift */ = {isa = PBXFileReference; lastKnownFileType = sourcecode.swift; path = AppDelegate.swift; sourceTree = "<group>"; };
		FF15318D2854F32C006F29CA /* SceneDelegate.swift */ = {isa = PBXFileReference; lastKnownFileType = sourcecode.swift; path = SceneDelegate.swift; sourceTree = "<group>"; };
		FF15318F2854F32C006F29CA /* ViewController.swift */ = {isa = PBXFileReference; lastKnownFileType = sourcecode.swift; path = ViewController.swift; sourceTree = "<group>"; };
		FF1531922854F32C006F29CA /* Base */ = {isa = PBXFileReference; lastKnownFileType = file.storyboard; name = Base; path = Base.lproj/Main.storyboard; sourceTree = "<group>"; };
		FF1531942854F32F006F29CA /* Assets.xcassets */ = {isa = PBXFileReference; lastKnownFileType = folder.assetcatalog; path = Assets.xcassets; sourceTree = "<group>"; };
		FF1531972854F32F006F29CA /* Base */ = {isa = PBXFileReference; lastKnownFileType = file.storyboard; name = Base; path = Base.lproj/LaunchScreen.storyboard; sourceTree = "<group>"; };
		FF1531992854F32F006F29CA /* Info.plist */ = {isa = PBXFileReference; lastKnownFileType = text.plist.xml; path = Info.plist; sourceTree = "<group>"; };
		FF1531A02854F4D1006F29CA /* nssl0049.jpg */ = {isa = PBXFileReference; lastKnownFileType = image.jpeg; path = nssl0049.jpg; sourceTree = "<group>"; };
		FF1531A12854F4D1006F29CA /* nssl0046.jpg */ = {isa = PBXFileReference; lastKnownFileType = image.jpeg; path = nssl0046.jpg; sourceTree = "<group>"; };
		FF1531A22854F4D1006F29CA /* nssl0091.jpg */ = {isa = PBXFileReference; lastKnownFileType = image.jpeg; path = nssl0091.jpg; sourceTree = "<group>"; };
		FF1531A32854F4D1006F29CA /* nssl0045.jpg */ = {isa = PBXFileReference; lastKnownFileType = image.jpeg; path = nssl0045.jpg; sourceTree = "<group>"; };
		FF1531A42854F4D1006F29CA /* nssl0051.jpg */ = {isa = PBXFileReference; lastKnownFileType = image.jpeg; path = nssl0051.jpg; sourceTree = "<group>"; };
		FF1531A52854F4D1006F29CA /* nssl0041.jpg */ = {isa = PBXFileReference; lastKnownFileType = image.jpeg; path = nssl0041.jpg; sourceTree = "<group>"; };
		FF1531A62854F4D1006F29CA /* nssl0042.jpg */ = {isa = PBXFileReference; lastKnownFileType = image.jpeg; path = nssl0042.jpg; sourceTree = "<group>"; };
		FF1531A72854F4D1006F29CA /* nssl0043.jpg */ = {isa = PBXFileReference; lastKnownFileType = image.jpeg; path = nssl0043.jpg; sourceTree = "<group>"; };
		FF1531A82854F4D1006F29CA /* nssl0033.jpg */ = {isa = PBXFileReference; lastKnownFileType = image.jpeg; path = nssl0033.jpg; sourceTree = "<group>"; };
		FF1531A92854F4D1006F29CA /* nssl0034.jpg */ = {isa = PBXFileReference; lastKnownFileType = image.jpeg; path = nssl0034.jpg; sourceTree = "<group>"; };
		FF643FB928560DEA0045DB73 /* DetailViewController.swift */ = {isa = PBXFileReference; lastKnownFileType = sourcecode.swift; path = DetailViewController.swift; sourceTree = "<group>"; };
/* End PBXFileReference section */

/* Begin PBXFrameworksBuildPhase section */
		FF1531852854F32C006F29CA /* Frameworks */ = {
			isa = PBXFrameworksBuildPhase;
			buildActionMask = 2147483647;
			files = (
			);
			runOnlyForDeploymentPostprocessing = 0;
		};
/* End PBXFrameworksBuildPhase section */

/* Begin PBXGroup section */
		FF15317F2854F32C006F29CA = {
			isa = PBXGroup;
			children = (
				FF15318A2854F32C006F29CA /* Project1 */,
				FF1531892854F32C006F29CA /* Products */,
			);
			sourceTree = "<group>";
		};
		FF1531892854F32C006F29CA /* Products */ = {
			isa = PBXGroup;
			children = (
				FF1531882854F32C006F29CA /* Project1.app */,
			);
			name = Products;
			sourceTree = "<group>";
		};
		FF15318A2854F32C006F29CA /* Project1 */ = {
			isa = PBXGroup;
			children = (
				FF15318B2854F32C006F29CA /* AppDelegate.swift */,
				FF15318D2854F32C006F29CA /* SceneDelegate.swift */,
				FF15318F2854F32C006F29CA /* ViewController.swift */,
				FF643FB928560DEA0045DB73 /* DetailViewController.swift */,
				FF1531912854F32C006F29CA /* Main.storyboard */,
				FF1531942854F32F006F29CA /* Assets.xcassets */,
				FF1531962854F32F006F29CA /* LaunchScreen.storyboard */,
				FF15319F2854F4D1006F29CA /* Content */,
				FF1531992854F32F006F29CA /* Info.plist */,
			);
			path = Project1;
			sourceTree = "<group>";
		};
		FF15319F2854F4D1006F29CA /* Content */ = {
			isa = PBXGroup;
			children = (
				FF1531A02854F4D1006F29CA /* nssl0049.jpg */,
				FF1531A12854F4D1006F29CA /* nssl0046.jpg */,
				FF1531A22854F4D1006F29CA /* nssl0091.jpg */,
				FF1531A32854F4D1006F29CA /* nssl0045.jpg */,
				FF1531A42854F4D1006F29CA /* nssl0051.jpg */,
				FF1531A52854F4D1006F29CA /* nssl0041.jpg */,
				FF1531A62854F4D1006F29CA /* nssl0042.jpg */,
				FF1531A72854F4D1006F29CA /* nssl0043.jpg */,
				FF1531A82854F4D1006F29CA /* nssl0033.jpg */,
				FF1531A92854F4D1006F29CA /* nssl0034.jpg */,
			);
			path = Content;
			sourceTree = "<group>";
		};
/* End PBXGroup section */

/* Begin PBXNativeTarget section */
		FF1531872854F32C006F29CA /* Project1 */ = {
			isa = PBXNativeTarget;
			buildConfigurationList = FF15319C2854F32F006F29CA /* Build configuration list for PBXNativeTarget "Project1" */;
			buildPhases = (
				FF1531842854F32C006F29CA /* Sources */,
				FF1531852854F32C006F29CA /* Frameworks */,
				FF1531862854F32C006F29CA /* Resources */,
			);
			buildRules = (
			);
			dependencies = (
			);
			name = Project1;
			productName = Project1;
			productReference = FF1531882854F32C006F29CA /* Project1.app */;
			productType = "com.apple.product-type.application";
		};
/* End PBXNativeTarget section */

/* Begin PBXProject section */
		FF1531802854F32C006F29CA /* Project object */ = {
			isa = PBXProject;
			attributes = {
				BuildIndependentTargetsInParallel = 1;
				LastSwiftUpdateCheck = 1340;
				LastUpgradeCheck = 1340;
				TargetAttributes = {
					FF1531872854F32C006F29CA = {
						CreatedOnToolsVersion = 13.4.1;
					};
				};
			};
			buildConfigurationList = FF1531832854F32C006F29CA /* Build configuration list for PBXProject "Project1" */;
			compatibilityVersion = "Xcode 13.0";
			developmentRegion = en;
			hasScannedForEncodings = 0;
			knownRegions = (
				en,
				Base,
			);
			mainGroup = FF15317F2854F32C006F29CA;
			productRefGroup = FF1531892854F32C006F29CA /* Products */;
			projectDirPath = "";
			projectRoot = "";
			targets = (
				FF1531872854F32C006F29CA /* Project1 */,
			);
		};
/* End PBXProject section */

/* Begin PBXResourcesBuildPhase section */
		FF1531862854F32C006F29CA /* Resources */ = {
			isa = PBXResourcesBuildPhase;
			buildActionMask = 2147483647;
			files = (
				FF1531AB2854F4D1006F29CA /* nssl0046.jpg in Resources */,
				FF1531B22854F4D1006F29CA /* nssl0033.jpg in Resources */,
				FF1531AE2854F4D1006F29CA /* nssl0051.jpg in Resources */,
				FF1531AC2854F4D1006F29CA /* nssl0091.jpg in Resources */,
				FF1531B12854F4D1006F29CA /* nssl0043.jpg in Resources */,
				FF1531B32854F4D1006F29CA /* nssl0034.jpg in Resources */,
				FF1531AA2854F4D1006F29CA /* nssl0049.jpg in Resources */,
				FF1531AF2854F4D1006F29CA /* nssl0041.jpg in Resources */,
				FF1531B02854F4D1006F29CA /* nssl0042.jpg in Resources */,
				FF1531982854F32F006F29CA /* LaunchScreen.storyboard in Resources */,
				FF1531952854F32F006F29CA /* Assets.xcassets in Resources */,
				FF1531AD2854F4D1006F29CA /* nssl0045.jpg in Resources */,
				FF1531932854F32C006F29CA /* Main.storyboard in Resources */,
			);
			runOnlyForDeploymentPostprocessing = 0;
		};
/* End PBXResourcesBuildPhase section */

/* Begin PBXSourcesBuildPhase section */
		FF1531842854F32C006F29CA /* Sources */ = {
			isa = PBXSourcesBuildPhase;
			buildActionMask = 2147483647;
			files = (
				FF1531902854F32C006F29CA /* ViewController.swift in Sources */,
				FF15318C2854F32C006F29CA /* AppDelegate.swift in Sources */,
				FF15318E2854F32C006F29CA /* SceneDelegate.swift in Sources */,
				FF643FBA28560DEA0045DB73 /* DetailViewController.swift in Sources */,
			);
			runOnlyForDeploymentPostprocessing = 0;
		};
/* End PBXSourcesBuildPhase section */

/* Begin PBXVariantGroup section */
		FF1531912854F32C006F29CA /* Main.storyboard */ = {
			isa = PBXVariantGroup;
			children = (
				FF1531922854F32C006F29CA /* Base */,
			);
			name = Main.storyboard;
			sourceTree = "<group>";
		};
		FF1531962854F32F006F29CA /* LaunchScreen.storyboard */ = {
			isa = PBXVariantGroup;
			children = (
				FF1531972854F32F006F29CA /* Base */,
			);
			name = LaunchScreen.storyboard;
			sourceTree = "<group>";
		};
/* End PBXVariantGroup section */

/* Begin XCBuildConfiguration section */
		FF15319A2854F32F006F29CA /* Debug */ = {
			isa = XCBuildConfiguration;
			buildSettings = {
				ALWAYS_SEARCH_USER_PATHS = NO;
				CLANG_ANALYZER_NONNULL = YES;
				CLANG_ANALYZER_NUMBER_OBJECT_CONVERSION = YES_AGGRESSIVE;
				CLANG_CXX_LANGUAGE_STANDARD = "gnu++17";
				CLANG_ENABLE_MODULES = YES;
				CLANG_ENABLE_OBJC_ARC = YES;
				CLANG_ENABLE_OBJC_WEAK = YES;
				CLANG_WARN_BLOCK_CAPTURE_AUTORELEASING = YES;
				CLANG_WARN_BOOL_CONVERSION = YES;
				CLANG_WARN_COMMA = YES;
				CLANG_WARN_CONSTANT_CONVERSION = YES;
				CLANG_WARN_DEPRECATED_OBJC_IMPLEMENTATIONS = YES;
				CLANG_WARN_DIRECT_OBJC_ISA_USAGE = YES_ERROR;
				CLANG_WARN_DOCUMENTATION_COMMENTS = YES;
				CLANG_WARN_EMPTY_BODY = YES;
				CLANG_WARN_ENUM_CONVERSION = YES;
				CLANG_WARN_INFINITE_RECURSION = YES;
				CLANG_WARN_INT_CONVERSION = YES;
				CLANG_WARN_NON_LITERAL_NULL_CONVERSION = YES;
				CLANG_WARN_OBJC_IMPLICIT_RETAIN_SELF = YES;
				CLANG_WARN_OBJC_LITERAL_CONVERSION = YES;
				CLANG_WARN_OBJC_ROOT_CLASS = YES_ERROR;
				CLANG_WARN_QUOTED_INCLUDE_IN_FRAMEWORK_HEADER = YES;
				CLANG_WARN_RANGE_LOOP_ANALYSIS = YES;
				CLANG_WARN_STRICT_PROTOTYPES = YES;
				CLANG_WARN_SUSPICIOUS_MOVE = YES;
				CLANG_WARN_UNGUARDED_AVAILABILITY = YES_AGGRESSIVE;
				CLANG_WARN_UNREACHABLE_CODE = YES;
				CLANG_WARN__DUPLICATE_METHOD_MATCH = YES;
				COPY_PHASE_STRIP = NO;
				DEBUG_INFORMATION_FORMAT = dwarf;
				ENABLE_STRICT_OBJC_MSGSEND = YES;
				ENABLE_TESTABILITY = YES;
				GCC_C_LANGUAGE_STANDARD = gnu11;
				GCC_DYNAMIC_NO_PIC = NO;
				GCC_NO_COMMON_BLOCKS = YES;
				GCC_OPTIMIZATION_LEVEL = 0;
				GCC_PREPROCESSOR_DEFINITIONS = (
					"DEBUG=1",
					"$(inherited)",
				);
				GCC_WARN_64_TO_32_BIT_CONVERSION = YES;
				GCC_WARN_ABOUT_RETURN_TYPE = YES_ERROR;
				GCC_WARN_UNDECLARED_SELECTOR = YES;
				GCC_WARN_UNINITIALIZED_AUTOS = YES_AGGRESSIVE;
				GCC_WARN_UNUSED_FUNCTION = YES;
				GCC_WARN_UNUSED_VARIABLE = YES;
				IPHONEOS_DEPLOYMENT_TARGET = 15.5;
				MTL_ENABLE_DEBUG_INFO = INCLUDE_SOURCE;
				MTL_FAST_MATH = YES;
				ONLY_ACTIVE_ARCH = YES;
				SDKROOT = iphoneos;
				SWIFT_ACTIVE_COMPILATION_CONDITIONS = DEBUG;
				SWIFT_OPTIMIZATION_LEVEL = "-Onone";
			};
			name = Debug;
		};
		FF15319B2854F32F006F29CA /* Release */ = {
			isa = XCBuildConfiguration;
			buildSettings = {
				ALWAYS_SEARCH_USER_PATHS = NO;
				CLANG_ANALYZER_NONNULL = YES;
				CLANG_ANALYZER_NUMBER_OBJECT_CONVERSION = YES_AGGRESSIVE;
				CLANG_CXX_LANGUAGE_STANDARD = "gnu++17";
				CLANG_ENABLE_MODULES = YES;
				CLANG_ENABLE_OBJC_ARC = YES;
				CLANG_ENABLE_OBJC_WEAK = YES;
				CLANG_WARN_BLOCK_CAPTURE_AUTORELEASING = YES;
				CLANG_WARN_BOOL_CONVERSION = YES;
				CLANG_WARN_COMMA = YES;
				CLANG_WARN_CONSTANT_CONVERSION = YES;
				CLANG_WARN_DEPRECATED_OBJC_IMPLEMENTATIONS = YES;
				CLANG_WARN_DIRECT_OBJC_ISA_USAGE = YES_ERROR;
				CLANG_WARN_DOCUMENTATION_COMMENTS = YES;
				CLANG_WARN_EMPTY_BODY = YES;
				CLANG_WARN_ENUM_CONVERSION = YES;
				CLANG_WARN_INFINITE_RECURSION = YES;
				CLANG_WARN_INT_CONVERSION = YES;
				CLANG_WARN_NON_LITERAL_NULL_CONVERSION = YES;
				CLANG_WARN_OBJC_IMPLICIT_RETAIN_SELF = YES;
				CLANG_WARN_OBJC_LITERAL_CONVERSION = YES;
				CLANG_WARN_OBJC_ROOT_CLASS = YES_ERROR;
				CLANG_WARN_QUOTED_INCLUDE_IN_FRAMEWORK_HEADER = YES;
				CLANG_WARN_RANGE_LOOP_ANALYSIS = YES;
				CLANG_WARN_STRICT_PROTOTYPES = YES;
				CLANG_WARN_SUSPICIOUS_MOVE = YES;
				CLANG_WARN_UNGUARDED_AVAILABILITY = YES_AGGRESSIVE;
				CLANG_WARN_UNREACHABLE_CODE = YES;
				CLANG_WARN__DUPLICATE_METHOD_MATCH = YES;
				COPY_PHASE_STRIP = NO;
				DEBUG_INFORMATION_FORMAT = "dwarf-with-dsym";
				ENABLE_NS_ASSERTIONS = NO;
				ENABLE_STRICT_OBJC_MSGSEND = YES;
				GCC_C_LANGUAGE_STANDARD = gnu11;
				GCC_NO_COMMON_BLOCKS = YES;
				GCC_WARN_64_TO_32_BIT_CONVERSION = YES;
				GCC_WARN_ABOUT_RETURN_TYPE = YES_ERROR;
				GCC_WARN_UNDECLARED_SELECTOR = YES;
				GCC_WARN_UNINITIALIZED_AUTOS = YES_AGGRESSIVE;
				GCC_WARN_UNUSED_FUNCTION = YES;
				GCC_WARN_UNUSED_VARIABLE = YES;
				IPHONEOS_DEPLOYMENT_TARGET = 15.5;
				MTL_ENABLE_DEBUG_INFO = NO;
				MTL_FAST_MATH = YES;
				SDKROOT = iphoneos;
				SWIFT_COMPILATION_MODE = wholemodule;
				SWIFT_OPTIMIZATION_LEVEL = "-O";
				VALIDATE_PRODUCT = YES;
			};
			name = Release;
		};
		FF15319D2854F32F006F29CA /* Debug */ = {
			isa = XCBuildConfiguration;
			buildSettings = {
				ASSETCATALOG_COMPILER_APPICON_NAME = AppIcon;
				ASSETCATALOG_COMPILER_GLOBAL_ACCENT_COLOR_NAME = AccentColor;
				CODE_SIGN_STYLE = Automatic;
				CURRENT_PROJECT_VERSION = 1;
				DEVELOPMENT_TEAM = 7DKZH9VMX9;
				GENERATE_INFOPLIST_FILE = YES;
				INFOPLIST_FILE = Project1/Info.plist;
				INFOPLIST_KEY_UIApplicationSupportsIndirectInputEvents = YES;
				INFOPLIST_KEY_UILaunchStoryboardName = LaunchScreen;
				INFOPLIST_KEY_UIMainStoryboardFile = Main;
				INFOPLIST_KEY_UISupportedInterfaceOrientations_iPad = "UIInterfaceOrientationPortrait UIInterfaceOrientationPortraitUpsideDown UIInterfaceOrientationLandscapeLeft UIInterfaceOrientationLandscapeRight";
				INFOPLIST_KEY_UISupportedInterfaceOrientations_iPhone = "UIInterfaceOrientationPortrait UIInterfaceOrientationLandscapeLeft UIInterfaceOrientationLandscapeRight";
				LD_RUNPATH_SEARCH_PATHS = (
					"$(inherited)",
					"@executable_path/Frameworks",
				);
				MARKETING_VERSION = 1.0;
				PRODUCT_BUNDLE_IDENTIFIER = com.batuhan.Project1;
				PRODUCT_NAME = "$(TARGET_NAME)";
				SWIFT_EMIT_LOC_STRINGS = YES;
				SWIFT_VERSION = 5.0;
				TARGETED_DEVICE_FAMILY = "1,2";
			};
			name = Debug;
		};
		FF15319E2854F32F006F29CA /* Release */ = {
			isa = XCBuildConfiguration;
			buildSettings = {
				ASSETCATALOG_COMPILER_APPICON_NAME = AppIcon;
				ASSETCATALOG_COMPILER_GLOBAL_ACCENT_COLOR_NAME = AccentColor;
				CODE_SIGN_STYLE = Automatic;
				CURRENT_PROJECT_VERSION = 1;
				DEVELOPMENT_TEAM = 7DKZH9VMX9;
				GENERATE_INFOPLIST_FILE = YES;
				INFOPLIST_FILE = Project1/Info.plist;
				INFOPLIST_KEY_UIApplicationSupportsIndirectInputEvents = YES;
				INFOPLIST_KEY_UILaunchStoryboardName = LaunchScreen;
				INFOPLIST_KEY_UIMainStoryboardFile = Main;
				INFOPLIST_KEY_UISupportedInterfaceOrientations_iPad = "UIInterfaceOrientationPortrait UIInterfaceOrientationPortraitUpsideDown UIInterfaceOrientationLandscapeLeft UIInterfaceOrientationLandscapeRight";
				INFOPLIST_KEY_UISupportedInterfaceOrientations_iPhone = "UIInterfaceOrientationPortrait UIInterfaceOrientationLandscapeLeft UIInterfaceOrientationLandscapeRight";
				LD_RUNPATH_SEARCH_PATHS = (
					"$(inherited)",
					"@executable_path/Frameworks",
				);
				MARKETING_VERSION = 1.0;
				PRODUCT_BUNDLE_IDENTIFIER = com.batuhan.Project1;
				PRODUCT_NAME = "$(TARGET_NAME)";
				SWIFT_EMIT_LOC_STRINGS = YES;
				SWIFT_VERSION = 5.0;
				TARGETED_DEVICE_FAMILY = "1,2";
			};
			name = Release;
		};
/* End XCBuildConfiguration section */

/* Begin XCConfigurationList section */
		FF1531832854F32C006F29CA /* Build configuration list for PBXProject "Project1" */ = {
			isa = XCConfigurationList;
			buildConfigurations = (
				FF15319A2854F32F006F29CA /* Debug */,
				FF15319B2854F32F006F29CA /* Release */,
			);
			defaultConfigurationIsVisible = 0;
			defaultConfigurationName = Release;
		};
		FF15319C2854F32F006F29CA /* Build configuration list for PBXNativeTarget "Project1" */ = {
			isa = XCConfigurationList;
			buildConfigurations = (
				FF15319D2854F32F006F29CA /* Debug */,
				FF15319E2854F32F006F29CA /* Release */,
			);
			defaultConfigurationIsVisible = 0;
			defaultConfigurationName = Release;
		};
/* End XCConfigurationList section */
	};
	rootObject = FF1531802854F32C006F29CA /* Project object */;
}
